
Microsoft Visual Studio Solution File, Format Version 12.00
# Visual Studio 15
VisualStudioVersion = 15.0.27703.2035
MinimumVisualStudioVersion = 10.0.40219.1
Project("{FAE04EC0-301F-11D3-BF4B-00C04F79EFBC}") = "ComicBookGallery", "ComicBookGallery\ComicBookGallery.csproj", "{77065DAC-DE65-494E-9CF7-E7C62EFC2FC0}"
EndProject
Global
	GlobalSection(SolutionConfigurationPlatforms) = preSolution
		Debug|Any CPU = Debug|Any CPU
		Release|Any CPU = Release|Any CPU
	EndGlobalSection
	GlobalSection(ProjectConfigurationPlatforms) = postSolution
		{77065DAC-DE65-494E-9CF7-E7C62EFC2FC0}.Debug|Any CPU.ActiveCfg = Debug|Any CPU
		{77065DAC-DE65-494E-9CF7-E7C62EFC2FC0}.Debug|Any CPU.Build.0 = Debug|Any CPU
		{77065DAC-DE65-494E-9CF7-E7C62EFC2FC0}.Release|Any CPU.ActiveCfg = Release|Any CPU
		{77065DAC-DE65-494E-9CF7-E7C62EFC2FC0}.Release|Any CPU.Build.0 = Release|Any CPU
	EndGlobalSection
	GlobalSection(SolutionProperties) = preSolution
		HideSolutionNode = FALSE
	EndGlobalSection
	GlobalSection(ExtensibilityGlobals) = postSolution
		SolutionGuid = {6B8FE466-6127-4FA2-B2CC-E2F26FDA00EE}
	EndGlobalSection
EndGlobal
